// !$*UTF8*$!
{
	archiveVersion = 1;
	classes = {
	};
	objectVersion = 48;
	objects = {

/* Begin PBXBuildFile section */
		8FC86D422385F14E00B0513C /* MD_f.cpp in Sources */ = {isa = PBXBuildFile; fileRef = 8FC86D362385F14B00B0513C /* MD_f.cpp */; };
		8FC86D432385F14E00B0513C /* MD_uncouple.cpp in Sources */ = {isa = PBXBuildFile; fileRef = 8FC86D372385F14B00B0513C /* MD_uncouple.cpp */; };
		8FC86D442385F14E00B0513C /* MD_ElementFlux.cpp in Sources */ = {isa = PBXBuildFile; fileRef = 8FC86D382385F14B00B0513C /* MD_ElementFlux.cpp */; };
		8FC86D452385F14E00B0513C /* MD_ET.cpp in Sources */ = {isa = PBXBuildFile; fileRef = 8FC86D392385F14B00B0513C /* MD_ET.cpp */; };
		8FC86D462385F14E00B0513C /* MD_RiverFlux.cpp in Sources */ = {isa = PBXBuildFile; fileRef = 8FC86D3A2385F14C00B0513C /* MD_RiverFlux.cpp */; };
		8FC86D472385F14E00B0513C /* MD_f_omp.cpp in Sources */ = {isa = PBXBuildFile; fileRef = 8FC86D3B2385F14C00B0513C /* MD_f_omp.cpp */; };
		8FC86D482385F14E00B0513C /* Model_Data.cpp in Sources */ = {isa = PBXBuildFile; fileRef = 8FC86D3C2385F14C00B0513C /* Model_Data.cpp */; };
		8FC86D492385F14E00B0513C /* MD_readin.cpp in Sources */ = {isa = PBXBuildFile; fileRef = 8FC86D3D2385F14D00B0513C /* MD_readin.cpp */; };
		8FC86D4A2385F14E00B0513C /* MD_initialize.cpp in Sources */ = {isa = PBXBuildFile; fileRef = 8FC86D3E2385F14D00B0513C /* MD_initialize.cpp */; };
		8FC86D4B2385F14E00B0513C /* MD_update.cpp in Sources */ = {isa = PBXBuildFile; fileRef = 8FC86D3F2385F14D00B0513C /* MD_update.cpp */; };
		8FC86D4C2385F14E00B0513C /* MD_CheckInputData.cpp in Sources */ = {isa = PBXBuildFile; fileRef = 8FC86D402385F14D00B0513C /* MD_CheckInputData.cpp */; };
		8FC86D592385F16100B0513C /* is_sm_et.cpp in Sources */ = {isa = PBXBuildFile; fileRef = 8FC86D502385F15E00B0513C /* is_sm_et.cpp */; };
		8FC86D5A2385F16100B0513C /* Flux_RiverElement.cpp in Sources */ = {isa = PBXBuildFile; fileRef = 8FC86D512385F15E00B0513C /* Flux_RiverElement.cpp */; };
		8FC86D5B2385F16100B0513C /* functions.cpp in Sources */ = {isa = PBXBuildFile; fileRef = 8FC86D522385F15E00B0513C /* functions.cpp */; };
		8FC86D5C2385F16100B0513C /* Equations.cpp in Sources */ = {isa = PBXBuildFile; fileRef = 8FC86D532385F15F00B0513C /* Equations.cpp */; };
		8FC86D5D2385F16100B0513C /* print.cpp in Sources */ = {isa = PBXBuildFile; fileRef = 8FC86D542385F15F00B0513C /* print.cpp */; };
		8FC86D5E2385F16100B0513C /* cvode_config.cpp in Sources */ = {isa = PBXBuildFile; fileRef = 8FC86D552385F15F00B0513C /* cvode_config.cpp */; };
		8FC86D752385F17900B0513C /* FloodAlert.cpp in Sources */ = {isa = PBXBuildFile; fileRef = 8FC86D602385F17100B0513C /* FloodAlert.cpp */; };
		8FC86D762385F17900B0513C /* CommandIn.cpp in Sources */ = {isa = PBXBuildFile; fileRef = 8FC86D642385F17300B0513C /* CommandIn.cpp */; };
		8FC86D772385F17900B0513C /* River.cpp in Sources */ = {isa = PBXBuildFile; fileRef = 8FC86D652385F17300B0513C /* River.cpp */; };
		8FC86D782385F17900B0513C /* Element.cpp in Sources */ = {isa = PBXBuildFile; fileRef = 8FC86D672385F17400B0513C /* Element.cpp */; };
		8FC86D792385F17900B0513C /* Lake.cpp in Sources */ = {isa = PBXBuildFile; fileRef = 8FC86D682385F17400B0513C /* Lake.cpp */; };
		8FC86D7A2385F17900B0513C /* Node.cpp in Sources */ = {isa = PBXBuildFile; fileRef = 8FC86D6A2385F17500B0513C /* Node.cpp */; };
		8FC86D7B2385F17900B0513C /* TabularData.cpp in Sources */ = {isa = PBXBuildFile; fileRef = 8FC86D6B2385F17500B0513C /* TabularData.cpp */; };
		8FC86D7C2385F17900B0513C /* Model_Control.cpp in Sources */ = {isa = PBXBuildFile; fileRef = 8FC86D6C2385F17600B0513C /* Model_Control.cpp */; };
		8FC86D7D2385F17900B0513C /* TimeSeriesData.cpp in Sources */ = {isa = PBXBuildFile; fileRef = 8FC86D6E2385F17700B0513C /* TimeSeriesData.cpp */; };
		8FC86D7E2385F17900B0513C /* ModelConfigure.cpp in Sources */ = {isa = PBXBuildFile; fileRef = 8FC86D6F2385F17700B0513C /* ModelConfigure.cpp */; };
		8FC86D7F2385F17900B0513C /* IO.cpp in Sources */ = {isa = PBXBuildFile; fileRef = 8FC86D702385F17700B0513C /* IO.cpp */; };
		8FC86D852385F1A000B0513C /* shud.cpp in Sources */ = {isa = PBXBuildFile; fileRef = 8FC86D802385F19D00B0513C /* shud.cpp */; };
		8FC86D862385F1A000B0513C /* f.cpp in Sources */ = {isa = PBXBuildFile; fileRef = 8FC86D812385F19E00B0513C /* f.cpp */; };
		8FC86D882385F1AB00B0513C /* SHUD.cpp in Sources */ = {isa = PBXBuildFile; fileRef = 8FC86D872385F1AB00B0513C /* SHUD.cpp */; };
/* End PBXBuildFile section */

/* Begin PBXCopyFilesBuildPhase section */
		8F551DEB237736260027DC1D /* CopyFiles */ = {
			isa = PBXCopyFilesBuildPhase;
			buildActionMask = 2147483647;
			dstPath = /usr/share/man/man1/;
			dstSubfolderSpec = 0;
			files = (
			);
			runOnlyForDeploymentPostprocessing = 1;
		};
/* End PBXCopyFilesBuildPhase section */

/* Begin PBXFileReference section */
		8F4FA38C23871F56002FC813 /* installSundials.sh */ = {isa = PBXFileReference; lastKnownFileType = text.script.sh; path = installSundials.sh; sourceTree = "<group>"; };
		8F4FA38D23873B70002FC813 /* README.md */ = {isa = PBXFileReference; lastKnownFileType = net.daringfireball.markdown; path = README.md; sourceTree = "<group>"; };
		8F551DED237736260027DC1D /* shud */ = {isa = PBXFileReference; explicitFileType = "compiled.mach-o.executable"; includeInIndex = 0; path = shud; sourceTree = BUILT_PRODUCTS_DIR; };
		8FC86D362385F14B00B0513C /* MD_f.cpp */ = {isa = PBXFileReference; fileEncoding = 4; lastKnownFileType = sourcecode.cpp.cpp; path = MD_f.cpp; sourceTree = "<group>"; };
		8FC86D372385F14B00B0513C /* MD_uncouple.cpp */ = {isa = PBXFileReference; fileEncoding = 4; lastKnownFileType = sourcecode.cpp.cpp; path = MD_uncouple.cpp; sourceTree = "<group>"; };
		8FC86D382385F14B00B0513C /* MD_ElementFlux.cpp */ = {isa = PBXFileReference; fileEncoding = 4; lastKnownFileType = sourcecode.cpp.cpp; path = MD_ElementFlux.cpp; sourceTree = "<group>"; };
		8FC86D392385F14B00B0513C /* MD_ET.cpp */ = {isa = PBXFileReference; fileEncoding = 4; lastKnownFileType = sourcecode.cpp.cpp; path = MD_ET.cpp; sourceTree = "<group>"; };
		8FC86D3A2385F14C00B0513C /* MD_RiverFlux.cpp */ = {isa = PBXFileReference; fileEncoding = 4; lastKnownFileType = sourcecode.cpp.cpp; path = MD_RiverFlux.cpp; sourceTree = "<group>"; };
		8FC86D3B2385F14C00B0513C /* MD_f_omp.cpp */ = {isa = PBXFileReference; fileEncoding = 4; lastKnownFileType = sourcecode.cpp.cpp; path = MD_f_omp.cpp; sourceTree = "<group>"; };
		8FC86D3C2385F14C00B0513C /* Model_Data.cpp */ = {isa = PBXFileReference; fileEncoding = 4; lastKnownFileType = sourcecode.cpp.cpp; path = Model_Data.cpp; sourceTree = "<group>"; };
		8FC86D3D2385F14D00B0513C /* MD_readin.cpp */ = {isa = PBXFileReference; fileEncoding = 4; lastKnownFileType = sourcecode.cpp.cpp; path = MD_readin.cpp; sourceTree = "<group>"; };
		8FC86D3E2385F14D00B0513C /* MD_initialize.cpp */ = {isa = PBXFileReference; fileEncoding = 4; lastKnownFileType = sourcecode.cpp.cpp; path = MD_initialize.cpp; sourceTree = "<group>"; };
		8FC86D3F2385F14D00B0513C /* MD_update.cpp */ = {isa = PBXFileReference; fileEncoding = 4; lastKnownFileType = sourcecode.cpp.cpp; path = MD_update.cpp; sourceTree = "<group>"; };
		8FC86D402385F14D00B0513C /* MD_CheckInputData.cpp */ = {isa = PBXFileReference; fileEncoding = 4; lastKnownFileType = sourcecode.cpp.cpp; path = MD_CheckInputData.cpp; sourceTree = "<group>"; };
		8FC86D412385F14E00B0513C /* Model_Data.hpp */ = {isa = PBXFileReference; fileEncoding = 4; lastKnownFileType = sourcecode.cpp.h; path = Model_Data.hpp; sourceTree = "<group>"; };
		8FC86D4D2385F15C00B0513C /* print.hpp */ = {isa = PBXFileReference; fileEncoding = 4; lastKnownFileType = sourcecode.cpp.h; path = print.hpp; sourceTree = "<group>"; };
		8FC86D4E2385F15D00B0513C /* Flux_RiverElement.hpp */ = {isa = PBXFileReference; fileEncoding = 4; lastKnownFileType = sourcecode.cpp.h; path = Flux_RiverElement.hpp; sourceTree = "<group>"; };
		8FC86D4F2385F15D00B0513C /* cvode_config.hpp */ = {isa = PBXFileReference; fileEncoding = 4; lastKnownFileType = sourcecode.cpp.h; path = cvode_config.hpp; sourceTree = "<group>"; };
		8FC86D502385F15E00B0513C /* is_sm_et.cpp */ = {isa = PBXFileReference; fileEncoding = 4; lastKnownFileType = sourcecode.cpp.cpp; path = is_sm_et.cpp; sourceTree = "<group>"; };
		8FC86D512385F15E00B0513C /* Flux_RiverElement.cpp */ = {isa = PBXFileReference; fileEncoding = 4; lastKnownFileType = sourcecode.cpp.cpp; path = Flux_RiverElement.cpp; sourceTree = "<group>"; };
		8FC86D522385F15E00B0513C /* functions.cpp */ = {isa = PBXFileReference; fileEncoding = 4; lastKnownFileType = sourcecode.cpp.cpp; path = functions.cpp; sourceTree = "<group>"; };
		8FC86D532385F15F00B0513C /* Equations.cpp */ = {isa = PBXFileReference; fileEncoding = 4; lastKnownFileType = sourcecode.cpp.cpp; path = Equations.cpp; sourceTree = "<group>"; };
		8FC86D542385F15F00B0513C /* print.cpp */ = {isa = PBXFileReference; fileEncoding = 4; lastKnownFileType = sourcecode.cpp.cpp; path = print.cpp; sourceTree = "<group>"; };
		8FC86D552385F15F00B0513C /* cvode_config.cpp */ = {isa = PBXFileReference; fileEncoding = 4; lastKnownFileType = sourcecode.cpp.cpp; path = cvode_config.cpp; sourceTree = "<group>"; };
		8FC86D562385F16000B0513C /* Equations.hpp */ = {isa = PBXFileReference; fileEncoding = 4; lastKnownFileType = sourcecode.cpp.h; path = Equations.hpp; sourceTree = "<group>"; };
		8FC86D572385F16000B0513C /* functions.hpp */ = {isa = PBXFileReference; fileEncoding = 4; lastKnownFileType = sourcecode.cpp.h; path = functions.hpp; sourceTree = "<group>"; };
		8FC86D582385F16000B0513C /* is_sm_et.hpp */ = {isa = PBXFileReference; fileEncoding = 4; lastKnownFileType = sourcecode.cpp.h; path = is_sm_et.hpp; sourceTree = "<group>"; };
		8FC86D5F2385F17100B0513C /* IO.hpp */ = {isa = PBXFileReference; fileEncoding = 4; lastKnownFileType = sourcecode.cpp.h; path = IO.hpp; sourceTree = "<group>"; };
		8FC86D602385F17100B0513C /* FloodAlert.cpp */ = {isa = PBXFileReference; fileEncoding = 4; lastKnownFileType = sourcecode.cpp.cpp; path = FloodAlert.cpp; sourceTree = "<group>"; };
		8FC86D612385F17100B0513C /* CommandIn.hpp */ = {isa = PBXFileReference; fileEncoding = 4; lastKnownFileType = sourcecode.cpp.h; path = CommandIn.hpp; sourceTree = "<group>"; };
		8FC86D622385F17200B0513C /* Lake.hpp */ = {isa = PBXFileReference; fileEncoding = 4; lastKnownFileType = sourcecode.cpp.h; path = Lake.hpp; sourceTree = "<group>"; };
		8FC86D632385F17200B0513C /* Model_Control.hpp */ = {isa = PBXFileReference; fileEncoding = 4; lastKnownFileType = sourcecode.cpp.h; path = Model_Control.hpp; sourceTree = "<group>"; };
		8FC86D642385F17300B0513C /* CommandIn.cpp */ = {isa = PBXFileReference; fileEncoding = 4; lastKnownFileType = sourcecode.cpp.cpp; path = CommandIn.cpp; sourceTree = "<group>"; };
		8FC86D652385F17300B0513C /* River.cpp */ = {isa = PBXFileReference; fileEncoding = 4; lastKnownFileType = sourcecode.cpp.cpp; path = River.cpp; sourceTree = "<group>"; };
		8FC86D662385F17300B0513C /* TabularData.hpp */ = {isa = PBXFileReference; fileEncoding = 4; lastKnownFileType = sourcecode.cpp.h; path = TabularData.hpp; sourceTree = "<group>"; };
		8FC86D672385F17400B0513C /* Element.cpp */ = {isa = PBXFileReference; fileEncoding = 4; lastKnownFileType = sourcecode.cpp.cpp; path = Element.cpp; sourceTree = "<group>"; };
		8FC86D682385F17400B0513C /* Lake.cpp */ = {isa = PBXFileReference; fileEncoding = 4; lastKnownFileType = sourcecode.cpp.cpp; path = Lake.cpp; sourceTree = "<group>"; };
		8FC86D692385F17500B0513C /* Node.hpp */ = {isa = PBXFileReference; fileEncoding = 4; lastKnownFileType = sourcecode.cpp.h; path = Node.hpp; sourceTree = "<group>"; };
		8FC86D6A2385F17500B0513C /* Node.cpp */ = {isa = PBXFileReference; fileEncoding = 4; lastKnownFileType = sourcecode.cpp.cpp; path = Node.cpp; sourceTree = "<group>"; };
		8FC86D6B2385F17500B0513C /* TabularData.cpp */ = {isa = PBXFileReference; fileEncoding = 4; lastKnownFileType = sourcecode.cpp.cpp; path = TabularData.cpp; sourceTree = "<group>"; };
		8FC86D6C2385F17600B0513C /* Model_Control.cpp */ = {isa = PBXFileReference; fileEncoding = 4; lastKnownFileType = sourcecode.cpp.cpp; path = Model_Control.cpp; sourceTree = "<group>"; };
		8FC86D6D2385F17600B0513C /* Element.hpp */ = {isa = PBXFileReference; fileEncoding = 4; lastKnownFileType = sourcecode.cpp.h; path = Element.hpp; sourceTree = "<group>"; };
		8FC86D6E2385F17700B0513C /* TimeSeriesData.cpp */ = {isa = PBXFileReference; fileEncoding = 4; lastKnownFileType = sourcecode.cpp.cpp; path = TimeSeriesData.cpp; sourceTree = "<group>"; };
		8FC86D6F2385F17700B0513C /* ModelConfigure.cpp */ = {isa = PBXFileReference; fileEncoding = 4; lastKnownFileType = sourcecode.cpp.cpp; path = ModelConfigure.cpp; sourceTree = "<group>"; };
		8FC86D702385F17700B0513C /* IO.cpp */ = {isa = PBXFileReference; fileEncoding = 4; lastKnownFileType = sourcecode.cpp.cpp; path = IO.cpp; sourceTree = "<group>"; };
		8FC86D712385F17800B0513C /* TimeSeriesData.hpp */ = {isa = PBXFileReference; fileEncoding = 4; lastKnownFileType = sourcecode.cpp.h; path = TimeSeriesData.hpp; sourceTree = "<group>"; };
		8FC86D722385F17800B0513C /* ModelConfigure.hpp */ = {isa = PBXFileReference; fileEncoding = 4; lastKnownFileType = sourcecode.cpp.h; path = ModelConfigure.hpp; sourceTree = "<group>"; };
		8FC86D732385F17900B0513C /* River.hpp */ = {isa = PBXFileReference; fileEncoding = 4; lastKnownFileType = sourcecode.cpp.h; path = River.hpp; sourceTree = "<group>"; };
		8FC86D742385F17900B0513C /* FloodAlert.hpp */ = {isa = PBXFileReference; fileEncoding = 4; lastKnownFileType = sourcecode.cpp.h; path = FloodAlert.hpp; sourceTree = "<group>"; };
		8FC86D802385F19D00B0513C /* shud.cpp */ = {isa = PBXFileReference; fileEncoding = 4; lastKnownFileType = sourcecode.cpp.cpp; path = shud.cpp; sourceTree = "<group>"; };
		8FC86D812385F19E00B0513C /* f.cpp */ = {isa = PBXFileReference; fileEncoding = 4; lastKnownFileType = sourcecode.cpp.cpp; path = f.cpp; sourceTree = "<group>"; };
		8FC86D822385F19E00B0513C /* Macros.hpp */ = {isa = PBXFileReference; fileEncoding = 4; lastKnownFileType = sourcecode.cpp.h; path = Macros.hpp; sourceTree = "<group>"; };
		8FC86D832385F19F00B0513C /* shud.hpp */ = {isa = PBXFileReference; fileEncoding = 4; lastKnownFileType = sourcecode.cpp.h; path = shud.hpp; sourceTree = "<group>"; };
		8FC86D842385F19F00B0513C /* f.hpp */ = {isa = PBXFileReference; fileEncoding = 4; lastKnownFileType = sourcecode.cpp.h; path = f.hpp; sourceTree = "<group>"; };
		8FC86D872385F1AB00B0513C /* SHUD.cpp */ = {isa = PBXFileReference; fileEncoding = 4; lastKnownFileType = sourcecode.cpp.cpp; path = SHUD.cpp; sourceTree = "<group>"; };
		8FC86D892385F1F600B0513C /* Makefile */ = {isa = PBXFileReference; fileEncoding = 4; lastKnownFileType = sourcecode.make; path = Makefile; sourceTree = "<group>"; };
/* End PBXFileReference section */

/* Begin PBXFrameworksBuildPhase section */
		8F551DEA237736260027DC1D /* Frameworks */ = {
			isa = PBXFrameworksBuildPhase;
			buildActionMask = 2147483647;
			files = (
			);
			runOnlyForDeploymentPostprocessing = 0;
		};
/* End PBXFrameworksBuildPhase section */

/* Begin PBXGroup section */
		8F4FA38A23871F2D002FC813 /* Script */ = {
			isa = PBXGroup;
			children = (
				8F4FA38C23871F56002FC813 /* installSundials.sh */,
			);
			path = Script;
			sourceTree = "<group>";
		};
		8F551DE4237736260027DC1D = {
			isa = PBXGroup;
			children = (
				8F4FA38D23873B70002FC813 /* README.md */,
				8F4FA38A23871F2D002FC813 /* Script */,
				8FC86D892385F1F600B0513C /* Makefile */,
				8FC86D312385F10100B0513C /* src */,
				8F551DEE237736260027DC1D /* Products */,
			);
			sourceTree = "<group>";
		};
		8F551DEE237736260027DC1D /* Products */ = {
			isa = PBXGroup;
			children = (
				8F551DED237736260027DC1D /* shud */,
			);
			name = Products;
			sourceTree = "<group>";
		};
		8FC86D312385F10100B0513C /* src */ = {
			isa = PBXGroup;
			children = (
				8FC86D872385F1AB00B0513C /* SHUD.cpp */,
				8FC86D352385F13500B0513C /* ModelData */,
				8FC86D342385F13000B0513C /* Equations */,
				8FC86D332385F11600B0513C /* classes */,
				8FC86D322385F11000B0513C /* Model */,
			);
			path = src;
			sourceTree = "<group>";
		};
		8FC86D322385F11000B0513C /* Model */ = {
			isa = PBXGroup;
			children = (
				8FC86D812385F19E00B0513C /* f.cpp */,
				8FC86D842385F19F00B0513C /* f.hpp */,
				8FC86D822385F19E00B0513C /* Macros.hpp */,
				8FC86D802385F19D00B0513C /* shud.cpp */,
				8FC86D832385F19F00B0513C /* shud.hpp */,
			);
			path = Model;
			sourceTree = "<group>";
		};
		8FC86D332385F11600B0513C /* classes */ = {
			isa = PBXGroup;
			children = (
				8FC86D642385F17300B0513C /* CommandIn.cpp */,
				8FC86D612385F17100B0513C /* CommandIn.hpp */,
				8FC86D672385F17400B0513C /* Element.cpp */,
				8FC86D6D2385F17600B0513C /* Element.hpp */,
				8FC86D602385F17100B0513C /* FloodAlert.cpp */,
				8FC86D742385F17900B0513C /* FloodAlert.hpp */,
				8FC86D702385F17700B0513C /* IO.cpp */,
				8FC86D5F2385F17100B0513C /* IO.hpp */,
				8FC86D682385F17400B0513C /* Lake.cpp */,
				8FC86D622385F17200B0513C /* Lake.hpp */,
				8FC86D6C2385F17600B0513C /* Model_Control.cpp */,
				8FC86D632385F17200B0513C /* Model_Control.hpp */,
				8FC86D6F2385F17700B0513C /* ModelConfigure.cpp */,
				8FC86D722385F17800B0513C /* ModelConfigure.hpp */,
				8FC86D6A2385F17500B0513C /* Node.cpp */,
				8FC86D692385F17500B0513C /* Node.hpp */,
				8FC86D652385F17300B0513C /* River.cpp */,
				8FC86D732385F17900B0513C /* River.hpp */,
				8FC86D6B2385F17500B0513C /* TabularData.cpp */,
				8FC86D662385F17300B0513C /* TabularData.hpp */,
				8FC86D6E2385F17700B0513C /* TimeSeriesData.cpp */,
				8FC86D712385F17800B0513C /* TimeSeriesData.hpp */,
			);
			path = classes;
			sourceTree = "<group>";
		};
		8FC86D342385F13000B0513C /* Equations */ = {
			isa = PBXGroup;
			children = (
				8FC86D552385F15F00B0513C /* cvode_config.cpp */,
				8FC86D4F2385F15D00B0513C /* cvode_config.hpp */,
				8FC86D532385F15F00B0513C /* Equations.cpp */,
				8FC86D562385F16000B0513C /* Equations.hpp */,
				8FC86D512385F15E00B0513C /* Flux_RiverElement.cpp */,
				8FC86D4E2385F15D00B0513C /* Flux_RiverElement.hpp */,
				8FC86D522385F15E00B0513C /* functions.cpp */,
				8FC86D572385F16000B0513C /* functions.hpp */,
				8FC86D502385F15E00B0513C /* is_sm_et.cpp */,
				8FC86D582385F16000B0513C /* is_sm_et.hpp */,
				8FC86D542385F15F00B0513C /* print.cpp */,
				8FC86D4D2385F15C00B0513C /* print.hpp */,
			);
			path = Equations;
			sourceTree = "<group>";
		};
		8FC86D352385F13500B0513C /* ModelData */ = {
			isa = PBXGroup;
			children = (
				8FC86D402385F14D00B0513C /* MD_CheckInputData.cpp */,
				8FC86D382385F14B00B0513C /* MD_ElementFlux.cpp */,
				8FC86D392385F14B00B0513C /* MD_ET.cpp */,
				8FC86D3B2385F14C00B0513C /* MD_f_omp.cpp */,
				8FC86D362385F14B00B0513C /* MD_f.cpp */,
				8FC86D3E2385F14D00B0513C /* MD_initialize.cpp */,
				8FC86D3D2385F14D00B0513C /* MD_readin.cpp */,
				8FC86D3A2385F14C00B0513C /* MD_RiverFlux.cpp */,
				8FC86D372385F14B00B0513C /* MD_uncouple.cpp */,
				8FC86D3F2385F14D00B0513C /* MD_update.cpp */,
				8FC86D3C2385F14C00B0513C /* Model_Data.cpp */,
				8FC86D412385F14E00B0513C /* Model_Data.hpp */,
			);
			path = ModelData;
			sourceTree = "<group>";
		};
/* End PBXGroup section */

/* Begin PBXNativeTarget section */
		8F551DEC237736260027DC1D /* shud */ = {
			isa = PBXNativeTarget;
			buildConfigurationList = 8F551DF4237736260027DC1D /* Build configuration list for PBXNativeTarget "shud" */;
			buildPhases = (
				8F551DE9237736260027DC1D /* Sources */,
				8F551DEA237736260027DC1D /* Frameworks */,
				8F551DEB237736260027DC1D /* CopyFiles */,
			);
			buildRules = (
			);
			dependencies = (
			);
			name = shud;
			productName = SHUD;
			productReference = 8F551DED237736260027DC1D /* shud */;
			productType = "com.apple.product-type.tool";
		};
/* End PBXNativeTarget section */

/* Begin PBXProject section */
		8F551DE5237736260027DC1D /* Project object */ = {
			isa = PBXProject;
			attributes = {
				LastUpgradeCheck = 1130;
				ORGANIZATIONNAME = "Lele Shu";
				TargetAttributes = {
					8F551DEC237736260027DC1D = {
						CreatedOnToolsVersion = 9.2;
						ProvisioningStyle = Automatic;
					};
				};
			};
			buildConfigurationList = 8F551DE8237736260027DC1D /* Build configuration list for PBXProject "SHUD" */;
			compatibilityVersion = "Xcode 8.0";
			developmentRegion = en;
			hasScannedForEncodings = 0;
			knownRegions = (
				en,
				Base,
			);
			mainGroup = 8F551DE4237736260027DC1D;
			productRefGroup = 8F551DEE237736260027DC1D /* Products */;
			projectDirPath = "";
			projectRoot = "";
			targets = (
				8F551DEC237736260027DC1D /* shud */,
			);
		};
/* End PBXProject section */

/* Begin PBXSourcesBuildPhase section */
		8F551DE9237736260027DC1D /* Sources */ = {
			isa = PBXSourcesBuildPhase;
			buildActionMask = 2147483647;
			files = (
				8FC86D4A2385F14E00B0513C /* MD_initialize.cpp in Sources */,
				8FC86D5A2385F16100B0513C /* Flux_RiverElement.cpp in Sources */,
				8FC86D792385F17900B0513C /* Lake.cpp in Sources */,
				8FC86D482385F14E00B0513C /* Model_Data.cpp in Sources */,
				8FC86D782385F17900B0513C /* Element.cpp in Sources */,
				8FC86D7B2385F17900B0513C /* TabularData.cpp in Sources */,
				8FC86D862385F1A000B0513C /* f.cpp in Sources */,
				8FC86D4C2385F14E00B0513C /* MD_CheckInputData.cpp in Sources */,
				8FC86D7F2385F17900B0513C /* IO.cpp in Sources */,
				8FC86D7D2385F17900B0513C /* TimeSeriesData.cpp in Sources */,
				8FC86D5E2385F16100B0513C /* cvode_config.cpp in Sources */,
				8FC86D492385F14E00B0513C /* MD_readin.cpp in Sources */,
				8FC86D592385F16100B0513C /* is_sm_et.cpp in Sources */,
				8FC86D422385F14E00B0513C /* MD_f.cpp in Sources */,
				8FC86D5D2385F16100B0513C /* print.cpp in Sources */,
				8FC86D5C2385F16100B0513C /* Equations.cpp in Sources */,
				8FC86D772385F17900B0513C /* River.cpp in Sources */,
				8FC86D5B2385F16100B0513C /* functions.cpp in Sources */,
				8FC86D752385F17900B0513C /* FloodAlert.cpp in Sources */,
				8FC86D462385F14E00B0513C /* MD_RiverFlux.cpp in Sources */,
				8FC86D472385F14E00B0513C /* MD_f_omp.cpp in Sources */,
				8FC86D7A2385F17900B0513C /* Node.cpp in Sources */,
				8FC86D7E2385F17900B0513C /* ModelConfigure.cpp in Sources */,
				8FC86D432385F14E00B0513C /* MD_uncouple.cpp in Sources */,
				8FC86D882385F1AB00B0513C /* SHUD.cpp in Sources */,
				8FC86D442385F14E00B0513C /* MD_ElementFlux.cpp in Sources */,
				8FC86D452385F14E00B0513C /* MD_ET.cpp in Sources */,
				8FC86D4B2385F14E00B0513C /* MD_update.cpp in Sources */,
				8FC86D7C2385F17900B0513C /* Model_Control.cpp in Sources */,
				8FC86D762385F17900B0513C /* CommandIn.cpp in Sources */,
				8FC86D852385F1A000B0513C /* shud.cpp in Sources */,
			);
			runOnlyForDeploymentPostprocessing = 0;
		};
/* End PBXSourcesBuildPhase section */

/* Begin XCBuildConfiguration section */
		8F551DF2237736260027DC1D /* Debug */ = {
			isa = XCBuildConfiguration;
			buildSettings = {
				ALWAYS_SEARCH_USER_PATHS = NO;
				CLANG_ANALYZER_NONNULL = YES;
				CLANG_ANALYZER_NUMBER_OBJECT_CONVERSION = YES_AGGRESSIVE;
				CLANG_CXX_LANGUAGE_STANDARD = "gnu++14";
				CLANG_CXX_LIBRARY = "libc++";
				CLANG_ENABLE_MODULES = YES;
				CLANG_ENABLE_OBJC_ARC = YES;
				CLANG_ENABLE_OBJC_WEAK = YES;
				CLANG_WARN_BLOCK_CAPTURE_AUTORELEASING = YES;
				CLANG_WARN_BOOL_CONVERSION = YES;
				CLANG_WARN_COMMA = YES;
				CLANG_WARN_CONSTANT_CONVERSION = YES;
				CLANG_WARN_DEPRECATED_OBJC_IMPLEMENTATIONS = YES;
				CLANG_WARN_DIRECT_OBJC_ISA_USAGE = YES_ERROR;
				CLANG_WARN_DOCUMENTATION_COMMENTS = YES;
				CLANG_WARN_EMPTY_BODY = YES;
				CLANG_WARN_ENUM_CONVERSION = YES;
				CLANG_WARN_INFINITE_RECURSION = YES;
				CLANG_WARN_INT_CONVERSION = YES;
				CLANG_WARN_NON_LITERAL_NULL_CONVERSION = YES;
				CLANG_WARN_OBJC_IMPLICIT_RETAIN_SELF = YES;
				CLANG_WARN_OBJC_LITERAL_CONVERSION = YES;
				CLANG_WARN_OBJC_ROOT_CLASS = YES_ERROR;
				CLANG_WARN_RANGE_LOOP_ANALYSIS = YES;
				CLANG_WARN_STRICT_PROTOTYPES = YES;
				CLANG_WARN_SUSPICIOUS_MOVE = YES;
				CLANG_WARN_UNGUARDED_AVAILABILITY = YES_AGGRESSIVE;
				CLANG_WARN_UNREACHABLE_CODE = YES;
				CLANG_WARN__DUPLICATE_METHOD_MATCH = YES;
				CODE_SIGN_IDENTITY = "-";
				COPY_PHASE_STRIP = NO;
				DEBUG = "DEBUG = 1";
				DEBUG_INFORMATION_FORMAT = dwarf;
				ENABLE_STRICT_OBJC_MSGSEND = YES;
				ENABLE_TESTABILITY = YES;
				GCC_C_LANGUAGE_STANDARD = gnu11;
				GCC_DYNAMIC_NO_PIC = NO;
				GCC_NO_COMMON_BLOCKS = YES;
				GCC_OPTIMIZATION_LEVEL = 0;
				GCC_PREPROCESSOR_DEFINITIONS = "$(inherited)";
				GCC_WARN_64_TO_32_BIT_CONVERSION = YES;
				GCC_WARN_ABOUT_RETURN_TYPE = YES_ERROR;
				GCC_WARN_UNDECLARED_SELECTOR = YES;
				GCC_WARN_UNINITIALIZED_AUTOS = YES_AGGRESSIVE;
				GCC_WARN_UNUSED_FUNCTION = YES;
				GCC_WARN_UNUSED_VARIABLE = YES;
				GENERATE_MASTER_OBJECT_FILE = NO;
				HEADER_SEARCH_PATHS = "~/sundials/include";
				LD_RUNPATH_SEARCH_PATHS = /Users/leleshu/sundials/lib;
				LIBRARY_SEARCH_PATHS = "~/sundials/lib";
				MACOSX_DEPLOYMENT_TARGET = 10.8;
				MTL_ENABLE_DEBUG_INFO = YES;
				ONLY_ACTIVE_ARCH = YES;
				OTHER_LDFLAGS = (
					"-lm",
					"-lsundials_cvode",
					"-lsundials_nvecserial",
				);
				REEXPORTED_FRAMEWORK_NAMES = "";
				SDKROOT = macosx;
				USER_HEADER_SEARCH_PATHS = "";
			};
			name = Debug;
		};
		8F551DF3237736260027DC1D /* Release */ = {
			isa = XCBuildConfiguration;
			buildSettings = {
				ALWAYS_SEARCH_USER_PATHS = NO;
				CLANG_ANALYZER_NONNULL = YES;
				CLANG_ANALYZER_NUMBER_OBJECT_CONVERSION = YES_AGGRESSIVE;
				CLANG_CXX_LANGUAGE_STANDARD = "gnu++14";
				CLANG_CXX_LIBRARY = "libc++";
				CLANG_ENABLE_MODULES = YES;
				CLANG_ENABLE_OBJC_ARC = YES;
				CLANG_ENABLE_OBJC_WEAK = YES;
				CLANG_WARN_BLOCK_CAPTURE_AUTORELEASING = YES;
				CLANG_WARN_BOOL_CONVERSION = YES;
				CLANG_WARN_COMMA = YES;
				CLANG_WARN_CONSTANT_CONVERSION = YES;
				CLANG_WARN_DEPRECATED_OBJC_IMPLEMENTATIONS = YES;
				CLANG_WARN_DIRECT_OBJC_ISA_USAGE = YES_ERROR;
				CLANG_WARN_DOCUMENTATION_COMMENTS = YES;
				CLANG_WARN_EMPTY_BODY = YES;
				CLANG_WARN_ENUM_CONVERSION = YES;
				CLANG_WARN_INFINITE_RECURSION = YES;
				CLANG_WARN_INT_CONVERSION = YES;
				CLANG_WARN_NON_LITERAL_NULL_CONVERSION = YES;
				CLANG_WARN_OBJC_IMPLICIT_RETAIN_SELF = YES;
				CLANG_WARN_OBJC_LITERAL_CONVERSION = YES;
				CLANG_WARN_OBJC_ROOT_CLASS = YES_ERROR;
				CLANG_WARN_RANGE_LOOP_ANALYSIS = YES;
				CLANG_WARN_STRICT_PROTOTYPES = YES;
				CLANG_WARN_SUSPICIOUS_MOVE = YES;
				CLANG_WARN_UNGUARDED_AVAILABILITY = YES_AGGRESSIVE;
				CLANG_WARN_UNREACHABLE_CODE = YES;
				CLANG_WARN__DUPLICATE_METHOD_MATCH = YES;
				CODE_SIGN_IDENTITY = "-";
				COPY_PHASE_STRIP = NO;
				DEBUG = "DEBUG = 1";
				DEBUG_INFORMATION_FORMAT = "dwarf-with-dsym";
				ENABLE_NS_ASSERTIONS = NO;
				ENABLE_STRICT_OBJC_MSGSEND = YES;
				GCC_C_LANGUAGE_STANDARD = gnu11;
				GCC_NO_COMMON_BLOCKS = YES;
				GCC_WARN_64_TO_32_BIT_CONVERSION = YES;
				GCC_WARN_ABOUT_RETURN_TYPE = YES_ERROR;
				GCC_WARN_UNDECLARED_SELECTOR = YES;
				GCC_WARN_UNINITIALIZED_AUTOS = YES_AGGRESSIVE;
				GCC_WARN_UNUSED_FUNCTION = YES;
				GCC_WARN_UNUSED_VARIABLE = YES;
				GENERATE_MASTER_OBJECT_FILE = NO;
				HEADER_SEARCH_PATHS = "~/sundials/include";
				LD_RUNPATH_SEARCH_PATHS = /Users/leleshu/sundials/lib;
				LIBRARY_SEARCH_PATHS = "~/sundials/lib";
				MACOSX_DEPLOYMENT_TARGET = 10.8;
				MTL_ENABLE_DEBUG_INFO = NO;
				OTHER_LDFLAGS = (
					"-lm",
					"-lsundials_cvode",
					"-lsundials_nvecserial",
				);
				REEXPORTED_FRAMEWORK_NAMES = "";
				SDKROOT = macosx;
				USER_HEADER_SEARCH_PATHS = "";
			};
			name = Release;
		};
		8F551DF5237736260027DC1D /* Debug */ = {
			isa = XCBuildConfiguration;
			buildSettings = {
				CODE_SIGN_IDENTITY = "-";
				CODE_SIGN_STYLE = Automatic;
				HEADER_SEARCH_PATHS = (
					"$(HOME)/sundials/include/**",
					"$(HOME)/sundials/include/nvector/",
				);
				LIBRARY_SEARCH_PATHS = "$(HOME)/sundials/lib/";
				OTHER_LDFLAGS = (
					"-lm",
					"-lsundials_cvode",
					"-lsundials_nvecserial",
				);
				PRODUCT_NAME = "$(TARGET_NAME)";
			};
			name = Debug;
		};
		8F551DF6237736260027DC1D /* Release */ = {
			isa = XCBuildConfiguration;
			buildSettings = {
				CODE_SIGN_IDENTITY = "-";
				CODE_SIGN_STYLE = Automatic;
				HEADER_SEARCH_PATHS = (
					"$(HOME)/sundials/include/**",
					"$(HOME)/sundials/include/nvector/",
				);
				LIBRARY_SEARCH_PATHS = "$(HOME)/sundials/lib/";
				OTHER_LDFLAGS = (
					"-lm",
					"-lsundials_cvode",
					"-lsundials_nvecserial",
				);
				PRODUCT_NAME = "$(TARGET_NAME)";
			};
			name = Release;
		};
/* End XCBuildConfiguration section */

/* Begin XCConfigurationList section */
		8F551DE8237736260027DC1D /* Build configuration list for PBXProject "SHUD" */ = {
			isa = XCConfigurationList;
			buildConfigurations = (
				8F551DF2237736260027DC1D /* Debug */,
				8F551DF3237736260027DC1D /* Release */,
			);
			defaultConfigurationIsVisible = 0;
			defaultConfigurationName = Release;
		};
		8F551DF4237736260027DC1D /* Build configuration list for PBXNativeTarget "shud" */ = {
			isa = XCConfigurationList;
			buildConfigurations = (
				8F551DF5237736260027DC1D /* Debug */,
				8F551DF6237736260027DC1D /* Release */,
			);
			defaultConfigurationIsVisible = 0;
			defaultConfigurationName = Release;
		};
/* End XCConfigurationList section */
	};
	rootObject = 8F551DE5237736260027DC1D /* Project object */;
}
